
Microsoft Visual Studio Solution File, Format Version 12.00
# Visual Studio Version 17
VisualStudioVersion = 17.7.34031.279
MinimumVisualStudioVersion = 10.0.40219.1
Project("{9A19103F-16F7-4668-BE54-9A1E7A4F7556}") = "Xunit CRUD", "Xunit CRUD\Xunit CRUD.csproj", "{31A00B01-64A5-4C09-A993-DE70F73C08ED}"
EndProject
Project("{9A19103F-16F7-4668-BE54-9A1E7A4F7556}") = "Tests", "Tests\Tests.csproj", "{6BDEFB83-946B-4E68-87C4-B4DE3AA326E2}"
EndProject
Project("{FAE04EC0-301F-11D3-BF4B-00C04F79EFBC}") = "Entities", "Entities\Entities.csproj", "{5F09176D-F443-4D52-BD2F-BFC93E89C1A0}"
EndProject
Project("{FAE04EC0-301F-11D3-BF4B-00C04F79EFBC}") = "ServiceContracts", "ServiceContracts\ServiceContracts.csproj", "{EB416845-3338-4D2A-A539-46E031FCD618}"
EndProject
Project("{FAE04EC0-301F-11D3-BF4B-00C04F79EFBC}") = "Services", "Services\Services.csproj", "{F8F279A0-D186-45AA-B3CF-326D45C2FA5E}"
EndProject
Global
	GlobalSection(SolutionConfigurationPlatforms) = preSolution
		Debug|Any CPU = Debug|Any CPU
		Release|Any CPU = Release|Any CPU
	EndGlobalSection
	GlobalSection(ProjectConfigurationPlatforms) = postSolution
		{31A00B01-64A5-4C09-A993-DE70F73C08ED}.Debug|Any CPU.ActiveCfg = Debug|Any CPU
		{31A00B01-64A5-4C09-A993-DE70F73C08ED}.Debug|Any CPU.Build.0 = Debug|Any CPU
		{31A00B01-64A5-4C09-A993-DE70F73C08ED}.Release|Any CPU.ActiveCfg = Release|Any CPU
		{31A00B01-64A5-4C09-A993-DE70F73C08ED}.Release|Any CPU.Build.0 = Release|Any CPU
		{6BDEFB83-946B-4E68-87C4-B4DE3AA326E2}.Debug|Any CPU.ActiveCfg = Debug|Any CPU
		{6BDEFB83-946B-4E68-87C4-B4DE3AA326E2}.Debug|Any CPU.Build.0 = Debug|Any CPU
		{6BDEFB83-946B-4E68-87C4-B4DE3AA326E2}.Release|Any CPU.ActiveCfg = Release|Any CPU
		{6BDEFB83-946B-4E68-87C4-B4DE3AA326E2}.Release|Any CPU.Build.0 = Release|Any CPU
		{5F09176D-F443-4D52-BD2F-BFC93E89C1A0}.Debug|Any CPU.ActiveCfg = Debug|Any CPU
		{5F09176D-F443-4D52-BD2F-BFC93E89C1A0}.Debug|Any CPU.Build.0 = Debug|Any CPU
		{5F09176D-F443-4D52-BD2F-BFC93E89C1A0}.Release|Any CPU.ActiveCfg = Release|Any CPU
		{5F09176D-F443-4D52-BD2F-BFC93E89C1A0}.Release|Any CPU.Build.0 = Release|Any CPU
		{EB416845-3338-4D2A-A539-46E031FCD618}.Debug|Any CPU.ActiveCfg = Debug|Any CPU
		{EB416845-3338-4D2A-A539-46E031FCD618}.Debug|Any CPU.Build.0 = Debug|Any CPU
		{EB416845-3338-4D2A-A539-46E031FCD618}.Release|Any CPU.ActiveCfg = Release|Any CPU
		{EB416845-3338-4D2A-A539-46E031FCD618}.Release|Any CPU.Build.0 = Release|Any CPU
		{F8F279A0-D186-45AA-B3CF-326D45C2FA5E}.Debug|Any CPU.ActiveCfg = Debug|Any CPU
		{F8F279A0-D186-45AA-B3CF-326D45C2FA5E}.Debug|Any CPU.Build.0 = Debug|Any CPU
		{F8F279A0-D186-45AA-B3CF-326D45C2FA5E}.Release|Any CPU.ActiveCfg = Release|Any CPU
		{F8F279A0-D186-45AA-B3CF-326D45C2FA5E}.Release|Any CPU.Build.0 = Release|Any CPU
	EndGlobalSection
	GlobalSection(SolutionProperties) = preSolution
		HideSolutionNode = FALSE
	EndGlobalSection
	GlobalSection(ExtensibilityGlobals) = postSolution
		SolutionGuid = {8A7C7DD3-E886-48A5-A056-2BD0C5C05D03}
	EndGlobalSection
EndGlobal
